
Microsoft Visual Studio Solution File, Format Version 12.00
# Visual Studio 15
VisualStudioVersion = 15.0.26730.12
MinimumVisualStudioVersion = 10.0.40219.1
Project("{FAE04EC0-301F-11D3-BF4B-00C04F79EFBC}") = "memgamev1", "memgamev1\memgamev1.csproj", "{76540D59-7958-4EC3-A4D2-41C97F9F7D3C}"
EndProject
Global
	GlobalSection(SolutionConfigurationPlatforms) = preSolution
		Debug|Any CPU = Debug|Any CPU
		Release|Any CPU = Release|Any CPU
	EndGlobalSection
	GlobalSection(ProjectConfigurationPlatforms) = postSolution
		{76540D59-7958-4EC3-A4D2-41C97F9F7D3C}.Debug|Any CPU.ActiveCfg = Debug|Any CPU
		{76540D59-7958-4EC3-A4D2-41C97F9F7D3C}.Debug|Any CPU.Build.0 = Debug|Any CPU
		{76540D59-7958-4EC3-A4D2-41C97F9F7D3C}.Release|Any CPU.ActiveCfg = Release|Any CPU
		{76540D59-7958-4EC3-A4D2-41C97F9F7D3C}.Release|Any CPU.Build.0 = Release|Any CPU
	EndGlobalSection
	GlobalSection(SolutionProperties) = preSolution
		HideSolutionNode = FALSE
	EndGlobalSection
	GlobalSection(ExtensibilityGlobals) = postSolution
		SolutionGuid = {6B36CEDE-4952-4946-A3B1-CBE1C38330E1}
	EndGlobalSection
EndGlobal
